// !$*UTF8*$!
{
	archiveVersion = 1;
	classes = {
	};
	objectVersion = 50;
	objects = {

/* Begin PBXBuildFile section */
		58C2B363328D441532DB83EC /* Pods_Instagram.framework in Frameworks */ = {isa = PBXBuildFile; fileRef = 6B02B30C4B3C788EB24E10D6 /* Pods_Instagram.framework */; };
		77186F27BCA3599ADB7943DB /* Pods_InstagramUITests.framework in Frameworks */ = {isa = PBXBuildFile; fileRef = 66264FAD2AB1B11E3BD58EEB /* Pods_InstagramUITests.framework */; };
		BB17A1F2211E046A004094D6 /* AppDelegate.swift in Sources */ = {isa = PBXBuildFile; fileRef = BB17A1F1211E046A004094D6 /* AppDelegate.swift */; };
		BB17A1F7211E046A004094D6 /* Main.storyboard in Resources */ = {isa = PBXBuildFile; fileRef = BB17A1F5211E046A004094D6 /* Main.storyboard */; };
		BB17A1F9211E046C004094D6 /* Assets.xcassets in Resources */ = {isa = PBXBuildFile; fileRef = BB17A1F8211E046C004094D6 /* Assets.xcassets */; };
		BB17A1FC211E046C004094D6 /* LaunchScreen.storyboard in Resources */ = {isa = PBXBuildFile; fileRef = BB17A1FA211E046C004094D6 /* LaunchScreen.storyboard */; };
		BB17A207211E046C004094D6 /* InstagramTests.swift in Sources */ = {isa = PBXBuildFile; fileRef = BB17A206211E046C004094D6 /* InstagramTests.swift */; };
		BB17A212211E046C004094D6 /* InstagramUITests.swift in Sources */ = {isa = PBXBuildFile; fileRef = BB17A211211E046C004094D6 /* InstagramUITests.swift */; };
		BB17A222211E3878004094D6 /* LoginViewController.swift in Sources */ = {isa = PBXBuildFile; fileRef = BB17A221211E3878004094D6 /* LoginViewController.swift */; };
		BB9B1F181C60C2E2E69E5278 /* Pods_InstagramTests.framework in Frameworks */ = {isa = PBXBuildFile; fileRef = E8E029125EE60BC372624885 /* Pods_InstagramTests.framework */; };
		BBA5141B21349BED0062C979 /* SelectPhotoViewController.swift in Sources */ = {isa = PBXBuildFile; fileRef = BBA5141A21349BED0062C979 /* SelectPhotoViewController.swift */; };
		BBA5141E21349D210062C979 /* Post.swift in Sources */ = {isa = PBXBuildFile; fileRef = BBA5141D21349D210062C979 /* Post.swift */; };
		BBF3E1002120CD3500C40EDE /* PostsViewController.swift in Sources */ = {isa = PBXBuildFile; fileRef = BBF3E0FF2120CD3500C40EDE /* PostsViewController.swift */; };
/* End PBXBuildFile section */

/* Begin PBXContainerItemProxy section */
		BB17A203211E046C004094D6 /* PBXContainerItemProxy */ = {
			isa = PBXContainerItemProxy;
			containerPortal = BB17A1E6211E046A004094D6 /* Project object */;
			proxyType = 1;
			remoteGlobalIDString = BB17A1ED211E046A004094D6;
			remoteInfo = Instagram;
		};
		BB17A20E211E046C004094D6 /* PBXContainerItemProxy */ = {
			isa = PBXContainerItemProxy;
			containerPortal = BB17A1E6211E046A004094D6 /* Project object */;
			proxyType = 1;
			remoteGlobalIDString = BB17A1ED211E046A004094D6;
			remoteInfo = Instagram;
		};
/* End PBXContainerItemProxy section */

/* Begin PBXFileReference section */
		40996397EBA6A82A86DCCCE8 /* Pods-Instagram.debug.xcconfig */ = {isa = PBXFileReference; includeInIndex = 1; lastKnownFileType = text.xcconfig; name = "Pods-Instagram.debug.xcconfig"; path = "Pods/Target Support Files/Pods-Instagram/Pods-Instagram.debug.xcconfig"; sourceTree = "<group>"; };
		573A09DAD3B837A62DCFD7D3 /* Pods-Instagram.release.xcconfig */ = {isa = PBXFileReference; includeInIndex = 1; lastKnownFileType = text.xcconfig; name = "Pods-Instagram.release.xcconfig"; path = "Pods/Target Support Files/Pods-Instagram/Pods-Instagram.release.xcconfig"; sourceTree = "<group>"; };
		66264FAD2AB1B11E3BD58EEB /* Pods_InstagramUITests.framework */ = {isa = PBXFileReference; explicitFileType = wrapper.framework; includeInIndex = 0; path = Pods_InstagramUITests.framework; sourceTree = BUILT_PRODUCTS_DIR; };
		6B02B30C4B3C788EB24E10D6 /* Pods_Instagram.framework */ = {isa = PBXFileReference; explicitFileType = wrapper.framework; includeInIndex = 0; path = Pods_Instagram.framework; sourceTree = BUILT_PRODUCTS_DIR; };
		8C13145B4C599E4E53CE28CB /* Pods-InstagramTests.debug.xcconfig */ = {isa = PBXFileReference; includeInIndex = 1; lastKnownFileType = text.xcconfig; name = "Pods-InstagramTests.debug.xcconfig"; path = "Pods/Target Support Files/Pods-InstagramTests/Pods-InstagramTests.debug.xcconfig"; sourceTree = "<group>"; };
		B7CC5C325EEDA0E049FA7C74 /* Pods-InstagramUITests.release.xcconfig */ = {isa = PBXFileReference; includeInIndex = 1; lastKnownFileType = text.xcconfig; name = "Pods-InstagramUITests.release.xcconfig"; path = "Pods/Target Support Files/Pods-InstagramUITests/Pods-InstagramUITests.release.xcconfig"; sourceTree = "<group>"; };
		B832E85D2D41AB40587C39B2 /* Pods-InstagramTests.release.xcconfig */ = {isa = PBXFileReference; includeInIndex = 1; lastKnownFileType = text.xcconfig; name = "Pods-InstagramTests.release.xcconfig"; path = "Pods/Target Support Files/Pods-InstagramTests/Pods-InstagramTests.release.xcconfig"; sourceTree = "<group>"; };
		BB17A1EE211E046A004094D6 /* Instagram.app */ = {isa = PBXFileReference; explicitFileType = wrapper.application; includeInIndex = 0; path = Instagram.app; sourceTree = BUILT_PRODUCTS_DIR; };
		BB17A1F1211E046A004094D6 /* AppDelegate.swift */ = {isa = PBXFileReference; lastKnownFileType = sourcecode.swift; path = AppDelegate.swift; sourceTree = "<group>"; };
		BB17A1F6211E046A004094D6 /* Base */ = {isa = PBXFileReference; lastKnownFileType = file.storyboard; name = Base; path = Base.lproj/Main.storyboard; sourceTree = "<group>"; };
		BB17A1F8211E046C004094D6 /* Assets.xcassets */ = {isa = PBXFileReference; lastKnownFileType = folder.assetcatalog; path = Assets.xcassets; sourceTree = "<group>"; };
		BB17A1FB211E046C004094D6 /* Base */ = {isa = PBXFileReference; lastKnownFileType = file.storyboard; name = Base; path = Base.lproj/LaunchScreen.storyboard; sourceTree = "<group>"; };
		BB17A1FD211E046C004094D6 /* Info.plist */ = {isa = PBXFileReference; lastKnownFileType = text.plist.xml; path = Info.plist; sourceTree = "<group>"; };
		BB17A202211E046C004094D6 /* InstagramTests.xctest */ = {isa = PBXFileReference; explicitFileType = wrapper.cfbundle; includeInIndex = 0; path = InstagramTests.xctest; sourceTree = BUILT_PRODUCTS_DIR; };
		BB17A206211E046C004094D6 /* InstagramTests.swift */ = {isa = PBXFileReference; lastKnownFileType = sourcecode.swift; path = InstagramTests.swift; sourceTree = "<group>"; };
		BB17A208211E046C004094D6 /* Info.plist */ = {isa = PBXFileReference; lastKnownFileType = text.plist.xml; path = Info.plist; sourceTree = "<group>"; };
		BB17A20D211E046C004094D6 /* InstagramUITests.xctest */ = {isa = PBXFileReference; explicitFileType = wrapper.cfbundle; includeInIndex = 0; path = InstagramUITests.xctest; sourceTree = BUILT_PRODUCTS_DIR; };
		BB17A211211E046C004094D6 /* InstagramUITests.swift */ = {isa = PBXFileReference; lastKnownFileType = sourcecode.swift; path = InstagramUITests.swift; sourceTree = "<group>"; };
		BB17A213211E046C004094D6 /* Info.plist */ = {isa = PBXFileReference; lastKnownFileType = text.plist.xml; path = Info.plist; sourceTree = "<group>"; };
		BB17A221211E3878004094D6 /* LoginViewController.swift */ = {isa = PBXFileReference; lastKnownFileType = sourcecode.swift; path = LoginViewController.swift; sourceTree = "<group>"; };
		BBA5141A21349BED0062C979 /* SelectPhotoViewController.swift */ = {isa = PBXFileReference; lastKnownFileType = sourcecode.swift; path = SelectPhotoViewController.swift; sourceTree = "<group>"; };
		BBA5141D21349D210062C979 /* Post.swift */ = {isa = PBXFileReference; lastKnownFileType = sourcecode.swift; path = Post.swift; sourceTree = "<group>"; };
		BBF3E0FF2120CD3500C40EDE /* PostsViewController.swift */ = {isa = PBXFileReference; lastKnownFileType = sourcecode.swift; path = PostsViewController.swift; sourceTree = "<group>"; };
		E8E029125EE60BC372624885 /* Pods_InstagramTests.framework */ = {isa = PBXFileReference; explicitFileType = wrapper.framework; includeInIndex = 0; path = Pods_InstagramTests.framework; sourceTree = BUILT_PRODUCTS_DIR; };
		E9AC1C54DF1CD50DD449D0EF /* Pods-InstagramUITests.debug.xcconfig */ = {isa = PBXFileReference; includeInIndex = 1; lastKnownFileType = text.xcconfig; name = "Pods-InstagramUITests.debug.xcconfig"; path = "Pods/Target Support Files/Pods-InstagramUITests/Pods-InstagramUITests.debug.xcconfig"; sourceTree = "<group>"; };
/* End PBXFileReference section */

/* Begin PBXFrameworksBuildPhase section */
		BB17A1EB211E046A004094D6 /* Frameworks */ = {
			isa = PBXFrameworksBuildPhase;
			buildActionMask = 2147483647;
			files = (
				58C2B363328D441532DB83EC /* Pods_Instagram.framework in Frameworks */,
			);
			runOnlyForDeploymentPostprocessing = 0;
		};
		BB17A1FF211E046C004094D6 /* Frameworks */ = {
			isa = PBXFrameworksBuildPhase;
			buildActionMask = 2147483647;
			files = (
				BB9B1F181C60C2E2E69E5278 /* Pods_InstagramTests.framework in Frameworks */,
			);
			runOnlyForDeploymentPostprocessing = 0;
		};
		BB17A20A211E046C004094D6 /* Frameworks */ = {
			isa = PBXFrameworksBuildPhase;
			buildActionMask = 2147483647;
			files = (
				77186F27BCA3599ADB7943DB /* Pods_InstagramUITests.framework in Frameworks */,
			);
			runOnlyForDeploymentPostprocessing = 0;
		};
/* End PBXFrameworksBuildPhase section */

/* Begin PBXGroup section */
		1AA5AE850C2CAF7247465274 /* Frameworks */ = {
			isa = PBXGroup;
			children = (
				6B02B30C4B3C788EB24E10D6 /* Pods_Instagram.framework */,
				E8E029125EE60BC372624885 /* Pods_InstagramTests.framework */,
				66264FAD2AB1B11E3BD58EEB /* Pods_InstagramUITests.framework */,
			);
			name = Frameworks;
			sourceTree = "<group>";
		};
		2B7E99074833BDC88ABF9E32 /* Pods */ = {
			isa = PBXGroup;
			children = (
				40996397EBA6A82A86DCCCE8 /* Pods-Instagram.debug.xcconfig */,
				573A09DAD3B837A62DCFD7D3 /* Pods-Instagram.release.xcconfig */,
				8C13145B4C599E4E53CE28CB /* Pods-InstagramTests.debug.xcconfig */,
				B832E85D2D41AB40587C39B2 /* Pods-InstagramTests.release.xcconfig */,
				E9AC1C54DF1CD50DD449D0EF /* Pods-InstagramUITests.debug.xcconfig */,
				B7CC5C325EEDA0E049FA7C74 /* Pods-InstagramUITests.release.xcconfig */,
			);
			name = Pods;
			sourceTree = "<group>";
		};
		BB17A1E5211E046A004094D6 = {
			isa = PBXGroup;
			children = (
				BB17A1F0211E046A004094D6 /* Instagram */,
				BB17A205211E046C004094D6 /* InstagramTests */,
				BB17A210211E046C004094D6 /* InstagramUITests */,
				BB17A1EF211E046A004094D6 /* Products */,
				2B7E99074833BDC88ABF9E32 /* Pods */,
				1AA5AE850C2CAF7247465274 /* Frameworks */,
			);
			sourceTree = "<group>";
		};
		BB17A1EF211E046A004094D6 /* Products */ = {
			isa = PBXGroup;
			children = (
				BB17A1EE211E046A004094D6 /* Instagram.app */,
				BB17A202211E046C004094D6 /* InstagramTests.xctest */,
				BB17A20D211E046C004094D6 /* InstagramUITests.xctest */,
			);
			name = Products;
			sourceTree = "<group>";
		};
		BB17A1F0211E046A004094D6 /* Instagram */ = {
			isa = PBXGroup;
			children = (
				BBA5141C21349D110062C979 /* Model */,
				BBA5141921349BC70062C979 /* Views */,
				BB17A1F1211E046A004094D6 /* AppDelegate.swift */,
				BB17A1F5211E046A004094D6 /* Main.storyboard */,
				BB17A1F8211E046C004094D6 /* Assets.xcassets */,
				BB17A1FA211E046C004094D6 /* LaunchScreen.storyboard */,
				BB17A1FD211E046C004094D6 /* Info.plist */,
			);
			path = Instagram;
			sourceTree = "<group>";
		};
		BB17A205211E046C004094D6 /* InstagramTests */ = {
			isa = PBXGroup;
			children = (
				BB17A206211E046C004094D6 /* InstagramTests.swift */,
				BB17A208211E046C004094D6 /* Info.plist */,
			);
			path = InstagramTests;
			sourceTree = "<group>";
		};
		BB17A210211E046C004094D6 /* InstagramUITests */ = {
			isa = PBXGroup;
			children = (
				BB17A211211E046C004094D6 /* InstagramUITests.swift */,
				BB17A213211E046C004094D6 /* Info.plist */,
			);
			path = InstagramUITests;
			sourceTree = "<group>";
		};
		BBA5141921349BC70062C979 /* Views */ = {
			isa = PBXGroup;
			children = (
				BBF3E0FF2120CD3500C40EDE /* PostsViewController.swift */,
				BB17A221211E3878004094D6 /* LoginViewController.swift */,
				BBA5141A21349BED0062C979 /* SelectPhotoViewController.swift */,
			);
			path = Views;
			sourceTree = "<group>";
		};
		BBA5141C21349D110062C979 /* Model */ = {
			isa = PBXGroup;
			children = (
				BBA5141D21349D210062C979 /* Post.swift */,
			);
			path = Model;
			sourceTree = "<group>";
		};
/* End PBXGroup section */

/* Begin PBXNativeTarget section */
		BB17A1ED211E046A004094D6 /* Instagram */ = {
			isa = PBXNativeTarget;
			buildConfigurationList = BB17A216211E046C004094D6 /* Build configuration list for PBXNativeTarget "Instagram" */;
			buildPhases = (
				5D60CD6FA323323EC2F21FF1 /* [CP] Check Pods Manifest.lock */,
				BB17A1EA211E046A004094D6 /* Sources */,
				BB17A1EB211E046A004094D6 /* Frameworks */,
				BB17A1EC211E046A004094D6 /* Resources */,
				6A6562A7B0B6927FEDF903BB /* [CP] Embed Pods Frameworks */,
			);
			buildRules = (
			);
			dependencies = (
			);
			name = Instagram;
			productName = Instagram;
			productReference = BB17A1EE211E046A004094D6 /* Instagram.app */;
			productType = "com.apple.product-type.application";
		};
		BB17A201211E046C004094D6 /* InstagramTests */ = {
			isa = PBXNativeTarget;
			buildConfigurationList = BB17A219211E046C004094D6 /* Build configuration list for PBXNativeTarget "InstagramTests" */;
			buildPhases = (
				A00A4B2FD4E9927FB71B126A /* [CP] Check Pods Manifest.lock */,
				BB17A1FE211E046C004094D6 /* Sources */,
				BB17A1FF211E046C004094D6 /* Frameworks */,
				BB17A200211E046C004094D6 /* Resources */,
			);
			buildRules = (
			);
			dependencies = (
				BB17A204211E046C004094D6 /* PBXTargetDependency */,
			);
			name = InstagramTests;
			productName = InstagramTests;
			productReference = BB17A202211E046C004094D6 /* InstagramTests.xctest */;
			productType = "com.apple.product-type.bundle.unit-test";
		};
		BB17A20C211E046C004094D6 /* InstagramUITests */ = {
			isa = PBXNativeTarget;
			buildConfigurationList = BB17A21C211E046C004094D6 /* Build configuration list for PBXNativeTarget "InstagramUITests" */;
			buildPhases = (
				1283CA903AD6DEC9E9BC9B80 /* [CP] Check Pods Manifest.lock */,
				BB17A209211E046C004094D6 /* Sources */,
				BB17A20A211E046C004094D6 /* Frameworks */,
				BB17A20B211E046C004094D6 /* Resources */,
			);
			buildRules = (
			);
			dependencies = (
				BB17A20F211E046C004094D6 /* PBXTargetDependency */,
			);
			name = InstagramUITests;
			productName = InstagramUITests;
			productReference = BB17A20D211E046C004094D6 /* InstagramUITests.xctest */;
			productType = "com.apple.product-type.bundle.ui-testing";
		};
/* End PBXNativeTarget section */

/* Begin PBXProject section */
		BB17A1E6211E046A004094D6 /* Project object */ = {
			isa = PBXProject;
			attributes = {
				LastSwiftUpdateCheck = 0940;
				LastUpgradeCheck = 0940;
				ORGANIZATIONNAME = "Rajeev Ram";
				TargetAttributes = {
					BB17A1ED211E046A004094D6 = {
						CreatedOnToolsVersion = 9.4.1;
					};
					BB17A201211E046C004094D6 = {
						CreatedOnToolsVersion = 9.4.1;
						TestTargetID = BB17A1ED211E046A004094D6;
					};
					BB17A20C211E046C004094D6 = {
						CreatedOnToolsVersion = 9.4.1;
						TestTargetID = BB17A1ED211E046A004094D6;
					};
				};
			};
			buildConfigurationList = BB17A1E9211E046A004094D6 /* Build configuration list for PBXProject "Instagram" */;
			compatibilityVersion = "Xcode 9.3";
			developmentRegion = en;
			hasScannedForEncodings = 0;
			knownRegions = (
				en,
				Base,
			);
			mainGroup = BB17A1E5211E046A004094D6;
			productRefGroup = BB17A1EF211E046A004094D6 /* Products */;
			projectDirPath = "";
			projectRoot = "";
			targets = (
				BB17A1ED211E046A004094D6 /* Instagram */,
				BB17A201211E046C004094D6 /* InstagramTests */,
				BB17A20C211E046C004094D6 /* InstagramUITests */,
			);
		};
/* End PBXProject section */

/* Begin PBXResourcesBuildPhase section */
		BB17A1EC211E046A004094D6 /* Resources */ = {
			isa = PBXResourcesBuildPhase;
			buildActionMask = 2147483647;
			files = (
				BB17A1FC211E046C004094D6 /* LaunchScreen.storyboard in Resources */,
				BB17A1F9211E046C004094D6 /* Assets.xcassets in Resources */,
				BB17A1F7211E046A004094D6 /* Main.storyboard in Resources */,
			);
			runOnlyForDeploymentPostprocessing = 0;
		};
		BB17A200211E046C004094D6 /* Resources */ = {
			isa = PBXResourcesBuildPhase;
			buildActionMask = 2147483647;
			files = (
			);
			runOnlyForDeploymentPostprocessing = 0;
		};
		BB17A20B211E046C004094D6 /* Resources */ = {
			isa = PBXResourcesBuildPhase;
			buildActionMask = 2147483647;
			files = (
			);
			runOnlyForDeploymentPostprocessing = 0;
		};
/* End PBXResourcesBuildPhase section */

/* Begin PBXShellScriptBuildPhase section */
		1283CA903AD6DEC9E9BC9B80 /* [CP] Check Pods Manifest.lock */ = {
			isa = PBXShellScriptBuildPhase;
			buildActionMask = 2147483647;
			files = (
			);
			inputPaths = (
				"${PODS_PODFILE_DIR_PATH}/Podfile.lock",
				"${PODS_ROOT}/Manifest.lock",
			);
			name = "[CP] Check Pods Manifest.lock";
			outputPaths = (
				"$(DERIVED_FILE_DIR)/Pods-InstagramUITests-checkManifestLockResult.txt",
			);
			runOnlyForDeploymentPostprocessing = 0;
			shellPath = /bin/sh;
			shellScript = "diff \"${PODS_PODFILE_DIR_PATH}/Podfile.lock\" \"${PODS_ROOT}/Manifest.lock\" > /dev/null\nif [ $? != 0 ] ; then\n    # print error to STDERR\n    echo \"error: The sandbox is not in sync with the Podfile.lock. Run 'pod install' or update your CocoaPods installation.\" >&2\n    exit 1\nfi\n# This output is used by Xcode 'outputs' to avoid re-running this script phase.\necho \"SUCCESS\" > \"${SCRIPT_OUTPUT_FILE_0}\"\n";
			showEnvVarsInLog = 0;
		};
		5D60CD6FA323323EC2F21FF1 /* [CP] Check Pods Manifest.lock */ = {
			isa = PBXShellScriptBuildPhase;
			buildActionMask = 2147483647;
			files = (
			);
			inputPaths = (
				"${PODS_PODFILE_DIR_PATH}/Podfile.lock",
				"${PODS_ROOT}/Manifest.lock",
			);
			name = "[CP] Check Pods Manifest.lock";
			outputPaths = (
				"$(DERIVED_FILE_DIR)/Pods-Instagram-checkManifestLockResult.txt",
			);
			runOnlyForDeploymentPostprocessing = 0;
			shellPath = /bin/sh;
			shellScript = "diff \"${PODS_PODFILE_DIR_PATH}/Podfile.lock\" \"${PODS_ROOT}/Manifest.lock\" > /dev/null\nif [ $? != 0 ] ; then\n    # print error to STDERR\n    echo \"error: The sandbox is not in sync with the Podfile.lock. Run 'pod install' or update your CocoaPods installation.\" >&2\n    exit 1\nfi\n# This output is used by Xcode 'outputs' to avoid re-running this script phase.\necho \"SUCCESS\" > \"${SCRIPT_OUTPUT_FILE_0}\"\n";
			showEnvVarsInLog = 0;
		};
		6A6562A7B0B6927FEDF903BB /* [CP] Embed Pods Frameworks */ = {
			isa = PBXShellScriptBuildPhase;
			buildActionMask = 2147483647;
			files = (
			);
			inputPaths = (
				"${SRCROOT}/Pods/Target Support Files/Pods-Instagram/Pods-Instagram-frameworks.sh",
				"${BUILT_PRODUCTS_DIR}/Bolts/Bolts.framework",
				"${BUILT_PRODUCTS_DIR}/Parse/Parse.framework",
			);
			name = "[CP] Embed Pods Frameworks";
			outputPaths = (
				"${TARGET_BUILD_DIR}/${FRAMEWORKS_FOLDER_PATH}/Bolts.framework",
				"${TARGET_BUILD_DIR}/${FRAMEWORKS_FOLDER_PATH}/Parse.framework",
			);
			runOnlyForDeploymentPostprocessing = 0;
			shellPath = /bin/sh;
			shellScript = "\"${SRCROOT}/Pods/Target Support Files/Pods-Instagram/Pods-Instagram-frameworks.sh\"\n";
			showEnvVarsInLog = 0;
		};
		A00A4B2FD4E9927FB71B126A /* [CP] Check Pods Manifest.lock */ = {
			isa = PBXShellScriptBuildPhase;
			buildActionMask = 2147483647;
			files = (
			);
			inputPaths = (
				"${PODS_PODFILE_DIR_PATH}/Podfile.lock",
				"${PODS_ROOT}/Manifest.lock",
			);
			name = "[CP] Check Pods Manifest.lock";
			outputPaths = (
				"$(DERIVED_FILE_DIR)/Pods-InstagramTests-checkManifestLockResult.txt",
			);
			runOnlyForDeploymentPostprocessing = 0;
			shellPath = /bin/sh;
			shellScript = "diff \"${PODS_PODFILE_DIR_PATH}/Podfile.lock\" \"${PODS_ROOT}/Manifest.lock\" > /dev/null\nif [ $? != 0 ] ; then\n    # print error to STDERR\n    echo \"error: The sandbox is not in sync with the Podfile.lock. Run 'pod install' or update your CocoaPods installation.\" >&2\n    exit 1\nfi\n# This output is used by Xcode 'outputs' to avoid re-running this script phase.\necho \"SUCCESS\" > \"${SCRIPT_OUTPUT_FILE_0}\"\n";
			showEnvVarsInLog = 0;
		};
/* End PBXShellScriptBuildPhase section */

/* Begin PBXSourcesBuildPhase section */
		BB17A1EA211E046A004094D6 /* Sources */ = {
			isa = PBXSourcesBuildPhase;
			buildActionMask = 2147483647;
			files = (
				BB17A222211E3878004094D6 /* LoginViewController.swift in Sources */,
				BBF3E1002120CD3500C40EDE /* PostsViewController.swift in Sources */,
				BBA5141E21349D210062C979 /* Post.swift in Sources */,
				BB17A1F2211E046A004094D6 /* AppDelegate.swift in Sources */,
				BBA5141B21349BED0062C979 /* SelectPhotoViewController.swift in Sources */,
			);
			runOnlyForDeploymentPostprocessing = 0;
		};
		BB17A1FE211E046C004094D6 /* Sources */ = {
			isa = PBXSourcesBuildPhase;
			buildActionMask = 2147483647;
			files = (
				BB17A207211E046C004094D6 /* InstagramTests.swift in Sources */,
			);
			runOnlyForDeploymentPostprocessing = 0;
		};
		BB17A209211E046C004094D6 /* Sources */ = {
			isa = PBXSourcesBuildPhase;
			buildActionMask = 2147483647;
			files = (
				BB17A212211E046C004094D6 /* InstagramUITests.swift in Sources */,
			);
			runOnlyForDeploymentPostprocessing = 0;
		};
/* End PBXSourcesBuildPhase section */

/* Begin PBXTargetDependency section */
		BB17A204211E046C004094D6 /* PBXTargetDependency */ = {
			isa = PBXTargetDependency;
			target = BB17A1ED211E046A004094D6 /* Instagram */;
			targetProxy = BB17A203211E046C004094D6 /* PBXContainerItemProxy */;
		};
		BB17A20F211E046C004094D6 /* PBXTargetDependency */ = {
			isa = PBXTargetDependency;
			target = BB17A1ED211E046A004094D6 /* Instagram */;
			targetProxy = BB17A20E211E046C004094D6 /* PBXContainerItemProxy */;
		};
/* End PBXTargetDependency section */

/* Begin PBXVariantGroup section */
		BB17A1F5211E046A004094D6 /* Main.storyboard */ = {
			isa = PBXVariantGroup;
			children = (
				BB17A1F6211E046A004094D6 /* Base */,
			);
			name = Main.storyboard;
			sourceTree = "<group>";
		};
		BB17A1FA211E046C004094D6 /* LaunchScreen.storyboard */ = {
			isa = PBXVariantGroup;
			children = (
				BB17A1FB211E046C004094D6 /* Base */,
			);
			name = LaunchScreen.storyboard;
			sourceTree = "<group>";
		};
/* End PBXVariantGroup section */

/* Begin XCBuildConfiguration section */
		BB17A214211E046C004094D6 /* Debug */ = {
			isa = XCBuildConfiguration;
			buildSettings = {
				ALWAYS_SEARCH_USER_PATHS = NO;
				CLANG_ANALYZER_NONNULL = YES;
				CLANG_ANALYZER_NUMBER_OBJECT_CONVERSION = YES_AGGRESSIVE;
				CLANG_CXX_LANGUAGE_STANDARD = "gnu++14";
				CLANG_CXX_LIBRARY = "libc++";
				CLANG_ENABLE_MODULES = YES;
				CLANG_ENABLE_OBJC_ARC = YES;
				CLANG_ENABLE_OBJC_WEAK = YES;
				CLANG_WARN_BLOCK_CAPTURE_AUTORELEASING = YES;
				CLANG_WARN_BOOL_CONVERSION = YES;
				CLANG_WARN_COMMA = YES;
				CLANG_WARN_CONSTANT_CONVERSION = YES;
				CLANG_WARN_DEPRECATED_OBJC_IMPLEMENTATIONS = YES;
				CLANG_WARN_DIRECT_OBJC_ISA_USAGE = YES_ERROR;
				CLANG_WARN_DOCUMENTATION_COMMENTS = YES;
				CLANG_WARN_EMPTY_BODY = YES;
				CLANG_WARN_ENUM_CONVERSION = YES;
				CLANG_WARN_INFINITE_RECURSION = YES;
				CLANG_WARN_INT_CONVERSION = YES;
				CLANG_WARN_NON_LITERAL_NULL_CONVERSION = YES;
				CLANG_WARN_OBJC_IMPLICIT_RETAIN_SELF = YES;
				CLANG_WARN_OBJC_LITERAL_CONVERSION = YES;
				CLANG_WARN_OBJC_ROOT_CLASS = YES_ERROR;
				CLANG_WARN_RANGE_LOOP_ANALYSIS = YES;
				CLANG_WARN_STRICT_PROTOTYPES = YES;
				CLANG_WARN_SUSPICIOUS_MOVE = YES;
				CLANG_WARN_UNGUARDED_AVAILABILITY = YES_AGGRESSIVE;
				CLANG_WARN_UNREACHABLE_CODE = YES;
				CLANG_WARN__DUPLICATE_METHOD_MATCH = YES;
				CODE_SIGN_IDENTITY = "iPhone Developer";
				COPY_PHASE_STRIP = NO;
				DEBUG_INFORMATION_FORMAT = dwarf;
				ENABLE_STRICT_OBJC_MSGSEND = YES;
				ENABLE_TESTABILITY = YES;
				GCC_C_LANGUAGE_STANDARD = gnu11;
				GCC_DYNAMIC_NO_PIC = NO;
				GCC_NO_COMMON_BLOCKS = YES;
				GCC_OPTIMIZATION_LEVEL = 0;
				GCC_PREPROCESSOR_DEFINITIONS = (
					"DEBUG=1",
					"$(inherited)",
				);
				GCC_WARN_64_TO_32_BIT_CONVERSION = YES;
				GCC_WARN_ABOUT_RETURN_TYPE = YES_ERROR;
				GCC_WARN_UNDECLARED_SELECTOR = YES;
				GCC_WARN_UNINITIALIZED_AUTOS = YES_AGGRESSIVE;
				GCC_WARN_UNUSED_FUNCTION = YES;
				GCC_WARN_UNUSED_VARIABLE = YES;
				IPHONEOS_DEPLOYMENT_TARGET = 11.4;
				MTL_ENABLE_DEBUG_INFO = YES;
				ONLY_ACTIVE_ARCH = YES;
				SDKROOT = iphoneos;
				SWIFT_ACTIVE_COMPILATION_CONDITIONS = DEBUG;
				SWIFT_OPTIMIZATION_LEVEL = "-Onone";
			};
			name = Debug;
		};
		BB17A215211E046C004094D6 /* Release */ = {
			isa = XCBuildConfiguration;
			buildSettings = {
				ALWAYS_SEARCH_USER_PATHS = NO;
				CLANG_ANALYZER_NONNULL = YES;
				CLANG_ANALYZER_NUMBER_OBJECT_CONVERSION = YES_AGGRESSIVE;
				CLANG_CXX_LANGUAGE_STANDARD = "gnu++14";
				CLANG_CXX_LIBRARY = "libc++";
				CLANG_ENABLE_MODULES = YES;
				CLANG_ENABLE_OBJC_ARC = YES;
				CLANG_ENABLE_OBJC_WEAK = YES;
				CLANG_WARN_BLOCK_CAPTURE_AUTORELEASING = YES;
				CLANG_WARN_BOOL_CONVERSION = YES;
				CLANG_WARN_COMMA = YES;
				CLANG_WARN_CONSTANT_CONVERSION = YES;
				CLANG_WARN_DEPRECATED_OBJC_IMPLEMENTATIONS = YES;
				CLANG_WARN_DIRECT_OBJC_ISA_USAGE = YES_ERROR;
				CLANG_WARN_DOCUMENTATION_COMMENTS = YES;
				CLANG_WARN_EMPTY_BODY = YES;
				CLANG_WARN_ENUM_CONVERSION = YES;
				CLANG_WARN_INFINITE_RECURSION = YES;
				CLANG_WARN_INT_CONVERSION = YES;
				CLANG_WARN_NON_LITERAL_NULL_CONVERSION = YES;
				CLANG_WARN_OBJC_IMPLICIT_RETAIN_SELF = YES;
				CLANG_WARN_OBJC_LITERAL_CONVERSION = YES;
				CLANG_WARN_OBJC_ROOT_CLASS = YES_ERROR;
				CLANG_WARN_RANGE_LOOP_ANALYSIS = YES;
				CLANG_WARN_STRICT_PROTOTYPES = YES;
				CLANG_WARN_SUSPICIOUS_MOVE = YES;
				CLANG_WARN_UNGUARDED_AVAILABILITY = YES_AGGRESSIVE;
				CLANG_WARN_UNREACHABLE_CODE = YES;
				CLANG_WARN__DUPLICATE_METHOD_MATCH = YES;
				CODE_SIGN_IDENTITY = "iPhone Developer";
				COPY_PHASE_STRIP = NO;
				DEBUG_INFORMATION_FORMAT = "dwarf-with-dsym";
				ENABLE_NS_ASSERTIONS = NO;
				ENABLE_STRICT_OBJC_MSGSEND = YES;
				GCC_C_LANGUAGE_STANDARD = gnu11;
				GCC_NO_COMMON_BLOCKS = YES;
				GCC_WARN_64_TO_32_BIT_CONVERSION = YES;
				GCC_WARN_ABOUT_RETURN_TYPE = YES_ERROR;
				GCC_WARN_UNDECLARED_SELECTOR = YES;
				GCC_WARN_UNINITIALIZED_AUTOS = YES_AGGRESSIVE;
				GCC_WARN_UNUSED_FUNCTION = YES;
				GCC_WARN_UNUSED_VARIABLE = YES;
				IPHONEOS_DEPLOYMENT_TARGET = 11.4;
				MTL_ENABLE_DEBUG_INFO = NO;
				SDKROOT = iphoneos;
				SWIFT_COMPILATION_MODE = wholemodule;
				SWIFT_OPTIMIZATION_LEVEL = "-O";
				VALIDATE_PRODUCT = YES;
			};
			name = Release;
		};
		BB17A217211E046C004094D6 /* Debug */ = {
			isa = XCBuildConfiguration;
			baseConfigurationReference = 40996397EBA6A82A86DCCCE8 /* Pods-Instagram.debug.xcconfig */;
			buildSettings = {
				ASSETCATALOG_COMPILER_APPICON_NAME = AppIcon;
				CODE_SIGN_STYLE = Automatic;
				INFOPLIST_FILE = Instagram/Info.plist;
				LD_RUNPATH_SEARCH_PATHS = (
					"$(inherited)",
					"@executable_path/Frameworks",
				);
				PRODUCT_BUNDLE_IDENTIFIER = com.rajeevram.Instagram;
				PRODUCT_NAME = "$(TARGET_NAME)";
				SWIFT_VERSION = 4.0;
				TARGETED_DEVICE_FAMILY = "1,2";
			};
			name = Debug;
		};
		BB17A218211E046C004094D6 /* Release */ = {
			isa = XCBuildConfiguration;
			baseConfigurationReference = 573A09DAD3B837A62DCFD7D3 /* Pods-Instagram.release.xcconfig */;
			buildSettings = {
				ASSETCATALOG_COMPILER_APPICON_NAME = AppIcon;
				CODE_SIGN_STYLE = Automatic;
				INFOPLIST_FILE = Instagram/Info.plist;
				LD_RUNPATH_SEARCH_PATHS = (
					"$(inherited)",
					"@executable_path/Frameworks",
				);
				PRODUCT_BUNDLE_IDENTIFIER = com.rajeevram.Instagram;
				PRODUCT_NAME = "$(TARGET_NAME)";
				SWIFT_VERSION = 4.0;
				TARGETED_DEVICE_FAMILY = "1,2";
			};
			name = Release;
		};
		BB17A21A211E046C004094D6 /* Debug */ = {
			isa = XCBuildConfiguration;
			baseConfigurationReference = 8C13145B4C599E4E53CE28CB /* Pods-InstagramTests.debug.xcconfig */;
			buildSettings = {
				ALWAYS_EMBED_SWIFT_STANDARD_LIBRARIES = YES;
				BUNDLE_LOADER = "$(TEST_HOST)";
				CODE_SIGN_STYLE = Automatic;
				INFOPLIST_FILE = InstagramTests/Info.plist;
				LD_RUNPATH_SEARCH_PATHS = (
					"$(inherited)",
					"@executable_path/Frameworks",
					"@loader_path/Frameworks",
				);
				PRODUCT_BUNDLE_IDENTIFIER = com.rajeevram.InstagramTests;
				PRODUCT_NAME = "$(TARGET_NAME)";
				SWIFT_VERSION = 4.0;
				TARGETED_DEVICE_FAMILY = "1,2";
				TEST_HOST = "$(BUILT_PRODUCTS_DIR)/Instagram.app/Instagram";
			};
			name = Debug;
		};
		BB17A21B211E046C004094D6 /* Release */ = {
			isa = XCBuildConfiguration;
			baseConfigurationReference = B832E85D2D41AB40587C39B2 /* Pods-InstagramTests.release.xcconfig */;
			buildSettings = {
				ALWAYS_EMBED_SWIFT_STANDARD_LIBRARIES = YES;
				BUNDLE_LOADER = "$(TEST_HOST)";
				CODE_SIGN_STYLE = Automatic;
				INFOPLIST_FILE = InstagramTests/Info.plist;
				LD_RUNPATH_SEARCH_PATHS = (
					"$(inherited)",
					"@executable_path/Frameworks",
					"@loader_path/Frameworks",
				);
				PRODUCT_BUNDLE_IDENTIFIER = com.rajeevram.InstagramTests;
				PRODUCT_NAME = "$(TARGET_NAME)";
				SWIFT_VERSION = 4.0;
				TARGETED_DEVICE_FAMILY = "1,2";
				TEST_HOST = "$(BUILT_PRODUCTS_DIR)/Instagram.app/Instagram";
			};
			name = Release;
		};
		BB17A21D211E046C004094D6 /* Debug */ = {
			isa = XCBuildConfiguration;
			baseConfigurationReference = E9AC1C54DF1CD50DD449D0EF /* Pods-InstagramUITests.debug.xcconfig */;
			buildSettings = {
				ALWAYS_EMBED_SWIFT_STANDARD_LIBRARIES = YES;
				CODE_SIGN_STYLE = Automatic;
				INFOPLIST_FILE = InstagramUITests/Info.plist;
				LD_RUNPATH_SEARCH_PATHS = (
					"$(inherited)",
					"@executable_path/Frameworks",
					"@loader_path/Frameworks",
				);
				PRODUCT_BUNDLE_IDENTIFIER = com.rajeevram.InstagramUITests;
				PRODUCT_NAME = "$(TARGET_NAME)";
				SWIFT_VERSION = 4.0;
				TARGETED_DEVICE_FAMILY = "1,2";
				TEST_TARGET_NAME = Instagram;
			};
			name = Debug;
		};
		BB17A21E211E046C004094D6 /* Release */ = {
			isa = XCBuildConfiguration;
			baseConfigurationReference = B7CC5C325EEDA0E049FA7C74 /* Pods-InstagramUITests.release.xcconfig */;
			buildSettings = {
				ALWAYS_EMBED_SWIFT_STANDARD_LIBRARIES = YES;
				CODE_SIGN_STYLE = Automatic;
				INFOPLIST_FILE = InstagramUITests/Info.plist;
				LD_RUNPATH_SEARCH_PATHS = (
					"$(inherited)",
					"@executable_path/Frameworks",
					"@loader_path/Frameworks",
				);
				PRODUCT_BUNDLE_IDENTIFIER = com.rajeevram.InstagramUITests;
				PRODUCT_NAME = "$(TARGET_NAME)";
				SWIFT_VERSION = 4.0;
				TARGETED_DEVICE_FAMILY = "1,2";
				TEST_TARGET_NAME = Instagram;
			};
			name = Release;
		};
/* End XCBuildConfiguration section */

/* Begin XCConfigurationList section */
		BB17A1E9211E046A004094D6 /* Build configuration list for PBXProject "Instagram" */ = {
			isa = XCConfigurationList;
			buildConfigurations = (
				BB17A214211E046C004094D6 /* Debug */,
				BB17A215211E046C004094D6 /* Release */,
			);
			defaultConfigurationIsVisible = 0;
			defaultConfigurationName = Release;
		};
		BB17A216211E046C004094D6 /* Build configuration list for PBXNativeTarget "Instagram" */ = {
			isa = XCConfigurationList;
			buildConfigurations = (
				BB17A217211E046C004094D6 /* Debug */,
				BB17A218211E046C004094D6 /* Release */,
			);
			defaultConfigurationIsVisible = 0;
			defaultConfigurationName = Release;
		};
		BB17A219211E046C004094D6 /* Build configuration list for PBXNativeTarget "InstagramTests" */ = {
			isa = XCConfigurationList;
			buildConfigurations = (
				BB17A21A211E046C004094D6 /* Debug */,
				BB17A21B211E046C004094D6 /* Release */,
			);
			defaultConfigurationIsVisible = 0;
			defaultConfigurationName = Release;
		};
		BB17A21C211E046C004094D6 /* Build configuration list for PBXNativeTarget "InstagramUITests" */ = {
			isa = XCConfigurationList;
			buildConfigurations = (
				BB17A21D211E046C004094D6 /* Debug */,
				BB17A21E211E046C004094D6 /* Release */,
			);
			defaultConfigurationIsVisible = 0;
			defaultConfigurationName = Release;
		};
/* End XCConfigurationList section */
	};
	rootObject = BB17A1E6211E046A004094D6 /* Project object */;
}
